PODS:
  - AFNetworking (2.6.3):
    - AFNetworking/NSURLConnection (= 2.6.3)
    - AFNetworking/NSURLSession (= 2.6.3)
    - AFNetworking/Reachability (= 2.6.3)
    - AFNetworking/Security (= 2.6.3)
    - AFNetworking/Serialization (= 2.6.3)
    - AFNetworking/UIKit (= 2.6.3)
  - AFNetworking/NSURLConnection (2.6.3):
    - AFNetworking/Reachability
    - AFNetworking/Security
    - AFNetworking/Serialization
  - AFNetworking/NSURLSession (2.6.3):
    - AFNetworking/Reachability
    - AFNetworking/Security
    - AFNetworking/Serialization
  - AFNetworking/Reachability (2.6.3)
  - AFNetworking/Security (2.6.3)
  - AFNetworking/Serialization (2.6.3)
  - AFNetworking/UIKit (2.6.3):
    - AFNetworking/NSURLConnection
    - AFNetworking/NSURLSession
  - BackButtonHandler (1.0.0)
  - Bolts (1.8.4):
    - Bolts/AppLinks (= 1.8.4)
    - Bolts/Tasks (= 1.8.4)
  - Bolts/AppLinks (1.8.4):
    - Bolts/Tasks
  - Bolts/Tasks (1.8.4)
  - BuddyBuildSDK (1.0.16)
  - DACircularProgress (2.3.1)
  - DOSingleton (0.1.0)
  - EGOCache (2.1.3)
  - Fabric (1.6.12)
  - FBSDKCoreKit (4.24.0):
    - Bolts (~> 1.7)
  - FBSDKLoginKit (4.24.0):
    - FBSDKCoreKit
  - Firebase (4.0.4):
    - Firebase/Core (= 4.0.4)
  - Firebase/Auth (4.0.4):
    - Firebase/Core
    - FirebaseAuth (= 4.0.0)
  - Firebase/Core (4.0.4):
    - FirebaseAnalytics (= 4.0.2)
    - FirebaseCore (= 4.0.4)
  - Firebase/Database (4.0.4):
    - Firebase/Core
    - FirebaseDatabase (= 4.0.0)
  - Firebase/Storage (4.0.4):
    - Firebase/Core
    - FirebaseStorage (= 2.0.0)
  - FirebaseAnalytics (4.0.2):
    - FirebaseCore (~> 4.0)
    - FirebaseInstanceID (~> 2.0)
    - GoogleToolboxForMac/NSData+zlib (~> 2.1)
  - FirebaseAuth (4.0.0):
    - FirebaseAnalytics (~> 4.0)
    - GoogleToolboxForMac/NSDictionary+URLArguments (~> 2.1)
    - GTMSessionFetcher/Core (~> 1.1)
  - FirebaseCore (4.0.4):
    - GoogleToolboxForMac/NSData+zlib (~> 2.1)
    - nanopb (~> 0.3)
  - FirebaseDatabase (4.0.0):
    - FirebaseAnalytics (~> 4.0)
  - FirebaseInstanceID (2.0.0):
    - FirebaseCore (~> 4.0)
  - FirebaseStorage (2.0.0):
    - FirebaseAnalytics (~> 4.0)
    - FirebaseCore (~> 4.0)
    - GTMSessionFetcher/Core (~> 1.1)
  - FirebaseUI (4.1.1):
    - FirebaseUI/All (= 4.1.1)
  - FirebaseUI/All (4.1.1):
    - FirebaseUI/Auth
    - FirebaseUI/Database
    - FirebaseUI/Facebook
    - FirebaseUI/Google
    - FirebaseUI/Phone
    - FirebaseUI/Storage
    - FirebaseUI/Twitter
  - FirebaseUI/Auth (4.1.1):
    - Firebase/Auth
  - FirebaseUI/Database (4.1.1):
    - Firebase/Database
  - FirebaseUI/Facebook (4.1.1):
    - FBSDKLoginKit (~> 4.0)
    - FirebaseUI/Auth
  - FirebaseUI/Google (4.1.1):
    - FirebaseUI/Auth
    - GoogleSignIn (~> 4.0)
  - FirebaseUI/Phone (4.1.1):
    - FirebaseUI/Auth
  - FirebaseUI/Storage (4.1.1):
    - Firebase/Storage
    - SDWebImage (~> 4.0)
  - FirebaseUI/Twitter (4.1.1):
    - FirebaseUI/Auth
    - TwitterKit (~> 2.4)
  - FSImageViewer (3.4):
    - AFNetworking (~> 2.5)
    - EGOCache (~> 2.1)
    - UAProgressView (~> 0.1)
  - GoogleSignIn (4.0.2):
    - GoogleToolboxForMac/NSDictionary+URLArguments (~> 2.1)
    - GoogleToolboxForMac/NSString+URLArguments (~> 2.1)
    - GTMOAuth2 (~> 1.0)
    - GTMSessionFetcher/Core (~> 1.1)
  - GoogleToolboxForMac/DebugUtils (2.1.1):
    - GoogleToolboxForMac/Defines (= 2.1.1)
  - GoogleToolboxForMac/Defines (2.1.1)
  - GoogleToolboxForMac/NSData+zlib (2.1.1):
    - GoogleToolboxForMac/Defines (= 2.1.1)
  - GoogleToolboxForMac/NSDictionary+URLArguments (2.1.1):
    - GoogleToolboxForMac/DebugUtils (= 2.1.1)
    - GoogleToolboxForMac/Defines (= 2.1.1)
    - GoogleToolboxForMac/NSString+URLArguments (= 2.1.1)
  - GoogleToolboxForMac/NSString+URLArguments (2.1.1)
  - GTMOAuth2 (1.1.4):
    - GTMSessionFetcher (~> 1.1)
  - GTMSessionFetcher (1.1.11):
    - GTMSessionFetcher/Full (= 1.1.11)
  - GTMSessionFetcher/Core (1.1.11)
  - GTMSessionFetcher/Full (1.1.11):
    - GTMSessionFetcher/Core (= 1.1.11)
  - INSPullToRefresh (1.1.5)
  - KeepLayout (1.7.0):
    - KeepLayout/Swift (= 1.7.0)
  - KeepLayout/ObjC (1.7.0)
  - KeepLayout/Swift (1.7.0):
    - KeepLayout/ObjC
  - Mantle (2.1.0):
    - Mantle/extobjc (= 2.1.0)
  - Mantle/extobjc (2.1.0)
  - MLPAutoCompleteTextField (1.6)
  - MMMarkdown (0.5.5)
  - nanopb (0.3.8):
    - nanopb/decode (= 0.3.8)
    - nanopb/encode (= 0.3.8)
  - nanopb/decode (0.3.8)
  - nanopb/encode (0.3.8)
  - SDWebImage (4.0.0):
    - SDWebImage/Core (= 4.0.0)
  - SDWebImage/Core (4.0.0)
  - TTGSnackbar (1.5.2)
  - TwitterCore (2.8.0):
    - Fabric
  - TwitterKit (2.8.1):
    - TwitterCore (>= 2.8)
  - UAProgressView (0.1.3)

DEPENDENCIES:
  - AFNetworking (~> 2.6)
  - BackButtonHandler (~> 1.0)
  - BuddyBuildSDK
  - DACircularProgress (~> 2.3)
  - DOSingleton (~> 0.1)
  - FBSDKCoreKit (~> 4.24)
  - FBSDKLoginKit (~> 4.24)
  - Firebase
  - FirebaseUI
  - FSImageViewer (~> 3.4)
  - INSPullToRefresh (~> 1.1)
  - KeepLayout (from `https://github.com/Tricertops/KeepLayout.git`)
  - Mantle (~> 2.1)
  - MLPAutoCompleteTextField (from `https://github.com/ivanmkc/MLPAutoCompleteTextField.git`)
  - MMMarkdown (~> 0.5)
  - SDWebImage (~> 4.0)
  - TTGSnackbar (~> 1.5)

EXTERNAL SOURCES:
  KeepLayout:
    :git: https://github.com/Tricertops/KeepLayout.git
  MLPAutoCompleteTextField:
    :git: https://github.com/ivanmkc/MLPAutoCompleteTextField.git

CHECKOUT OPTIONS:
  KeepLayout:
    :commit: 3138ca7b6d61c51105718ae4f6b685f6c7b5cc70
    :git: https://github.com/Tricertops/KeepLayout.git
  MLPAutoCompleteTextField:
    :commit: 914d80a2336af6fa21c921db3f4040a9dd76abaa
    :git: https://github.com/ivanmkc/MLPAutoCompleteTextField.git

SPEC CHECKSUMS:
  AFNetworking: cb8d14a848e831097108418f5d49217339d4eb60
  BackButtonHandler: 8ace60d1e870b4242b5d462203d6ecbe9e40e652
  Bolts: 8a7995239dbe724f9cba2248b766d48b7ebdd322
  BuddyBuildSDK: 2c5469eee2981a3365386e46393e97068d75e4f4
  DACircularProgress: 4dd437c0fc3da5161cb289e07ac449493d41db71
  DOSingleton: 113abf2d078b681df57cee973a9b6ed1478343d9
  EGOCache: f0295dbe041156acabd39021354ad1045ee49e72
  Fabric: f050464eac45a2ce5a8e6e6a07e977c0df32fe28
  FBSDKCoreKit: f8c9eb0dd34a9cd277c7b60da4b32226d142502d
  FBSDKLoginKit: 1214c6d5a1c4995b694d8db8a9ba6910c6028acf
  Firebase: 1492bf04e1b73a7353b4fb2cf5a20bac9692f341
  FirebaseAnalytics: ad41720e3e67fc63fbe3d2948d3e26932a8de311
  FirebaseAuth: ebb6abcbabae00fc47446d690c19ce68d8484fde
  FirebaseCore: cfc042628ef9f20debe09c0eb683135fcd404cb4
  FirebaseDatabase: d829b3a8c3e2ac7a16773c5df226966b0805dfc2
  FirebaseInstanceID: 9fbf536668f4d3f0880e7438456dabd1376e294b
  FirebaseStorage: 8110a1ed2034c8fbfd83890d2acc9cdbbd99afec
  FirebaseUI: 5ebebe2c096c71f20abd1d43d0388958373bdaa0
  FSImageViewer: 0dea92069cce74a800b75cb8777c923f2be59124
  GoogleSignIn: d7ad83f13480e1f30453471d00d19b5293ac46af
  GoogleToolboxForMac: 8e329f1b599f2512c6b10676d45736bcc2cbbeb0
  GTMOAuth2: 7fc9c10f5c745f4d9850419ea88889fe3baa6b7d
  GTMSessionFetcher: 5ad62e8200fa00ed011fe5e08d27fef72c5b1429
  INSPullToRefresh: 112ae2c295d2b3a76daa9dff86e7ef40ed002c47
  KeepLayout: 1881e51638fab0a0748890748de8deb9f01891a1
  Mantle: 2fa750afa478cd625a94230fbf1c13462f29395b
  MLPAutoCompleteTextField: 02700789c32dce9b3a7e9991810adf5edb757d80
  MMMarkdown: 1af97166ce0f6d6e0cb05695665492195d27c3f1
  nanopb: 22bc080fa3955e2116b6ff3ee6c2cb3c15ab97cb
  SDWebImage: 76a6348bdc74eb5a55dd08a091ef298e56b55e41
  TTGSnackbar: ca69045c72188fef27f575581052d72aff15abe2
  TwitterCore: e959987be23c767004d29eb7fab8d85d8585a2e5
  TwitterKit: 3b6044a7320340326a4098f3e37aa1dbaeb94942
  UAProgressView: ce49aee47c14df6dc372f6fd57852f570ca97e6b

PODFILE CHECKSUM: bd2d58fbecafa1e94037b6c16317f84bfddb136e

COCOAPODS: 1.2.0
